{
  "name": "subcastic",
  "version": "0.1.0",
  "lockfileVersion": 3,
  "requires": true,
  "packages": {
    "": {
      "name": "subcastic",
      "version": "0.1.0",
      "workspaces": [
        "apps/*",
        "packages/*"
      ]
    },
    "apps/api": {
      "name": "@subcastic/api",
      "version": "0.1.0"
    },
    "apps/web": {
      "name": "@subcastic/web",
      "version": "0.1.0"
    },
    "node_modules/@subcastic/api": {
      "resolved": "apps/api",
      "link": true
    },
    "node_modules/@subcastic/shared": {
      "resolved": "packages/shared",
      "link": true
    },
    "node_modules/@subcastic/web": {
      "resolved": "apps/web",
      "link": true
    },
    "packages/shared": {
      "name": "@subcastic/shared",
      "version": "0.1.0"
    }
  }
}
